
Microsoft Visual Studio Solution File, Format Version 12.00
# Visual Studio Version 16
VisualStudioVersion = 16.0.31613.86
MinimumVisualStudioVersion = 10.0.40219.1
Project("{FAE04EC0-301F-11D3-BF4B-00C04F79EFBC}") = "LoginTryIt", "Project5\LoginTryIt.csproj", "{0E0966EC-AEC2-4163-9DF4-AA1539CC8FA7}"
	ProjectSection(ProjectDependencies) = postProject
		{C596B23B-5C6A-410E-BC68-B52485EFB5CD} = {C596B23B-5C6A-410E-BC68-B52485EFB5CD}
	EndProjectSection
EndProject
Project("{FAE04EC0-301F-11D3-BF4B-00C04F79EFBC}") = "LoginAndCreate", "LoginAndCreate\LoginAndCreate.csproj", "{C596B23B-5C6A-410E-BC68-B52485EFB5CD}"
EndProject
Project("{FAE04EC0-301F-11D3-BF4B-00C04F79EFBC}") = "EncryptDecrypt", "..\EncryptDecrypt\EncryptDecrypt\EncryptDecrypt\EncryptDecrypt.csproj", "{4192E114-7E4A-4B23-99D9-ECC92D2456D4}"
EndProject
Global
	GlobalSection(SolutionConfigurationPlatforms) = preSolution
		Debug|Any CPU = Debug|Any CPU
		Release|Any CPU = Release|Any CPU
	EndGlobalSection
	GlobalSection(ProjectConfigurationPlatforms) = postSolution
		{0E0966EC-AEC2-4163-9DF4-AA1539CC8FA7}.Debug|Any CPU.ActiveCfg = Debug|Any CPU
		{0E0966EC-AEC2-4163-9DF4-AA1539CC8FA7}.Debug|Any CPU.Build.0 = Debug|Any CPU
		{0E0966EC-AEC2-4163-9DF4-AA1539CC8FA7}.Release|Any CPU.ActiveCfg = Release|Any CPU
		{0E0966EC-AEC2-4163-9DF4-AA1539CC8FA7}.Release|Any CPU.Build.0 = Release|Any CPU
		{C596B23B-5C6A-410E-BC68-B52485EFB5CD}.Debug|Any CPU.ActiveCfg = Debug|Any CPU
		{C596B23B-5C6A-410E-BC68-B52485EFB5CD}.Debug|Any CPU.Build.0 = Debug|Any CPU
		{C596B23B-5C6A-410E-BC68-B52485EFB5CD}.Release|Any CPU.ActiveCfg = Release|Any CPU
		{C596B23B-5C6A-410E-BC68-B52485EFB5CD}.Release|Any CPU.Build.0 = Release|Any CPU
		{4192E114-7E4A-4B23-99D9-ECC92D2456D4}.Debug|Any CPU.ActiveCfg = Debug|Any CPU
		{4192E114-7E4A-4B23-99D9-ECC92D2456D4}.Debug|Any CPU.Build.0 = Debug|Any CPU
		{4192E114-7E4A-4B23-99D9-ECC92D2456D4}.Release|Any CPU.ActiveCfg = Release|Any CPU
		{4192E114-7E4A-4B23-99D9-ECC92D2456D4}.Release|Any CPU.Build.0 = Release|Any CPU
	EndGlobalSection
	GlobalSection(SolutionProperties) = preSolution
		HideSolutionNode = FALSE
	EndGlobalSection
	GlobalSection(ExtensibilityGlobals) = postSolution
		SolutionGuid = {8F39DD96-0689-4ADB-9F40-D8C70C1545FA}
	EndGlobalSection
EndGlobal
